
Microsoft Visual Studio Solution File, Format Version 12.00
# Visual Studio Version 17
VisualStudioVersion = 17.3.32819.101
MinimumVisualStudioVersion = 10.0.40219.1
Project("{FAE04EC0-301F-11D3-BF4B-00C04F79EFBC}") = "mang_kontrolltoo", "mang_kontrolltoo\mang_kontrolltoo.csproj", "{22454BCE-50F0-461B-8D09-53D47F231F4F}"
EndProject
Global
	GlobalSection(SolutionConfigurationPlatforms) = preSolution
		Debug|Any CPU = Debug|Any CPU
		Release|Any CPU = Release|Any CPU
	EndGlobalSection
	GlobalSection(ProjectConfigurationPlatforms) = postSolution
		{22454BCE-50F0-461B-8D09-53D47F231F4F}.Debug|Any CPU.ActiveCfg = Debug|Any CPU
		{22454BCE-50F0-461B-8D09-53D47F231F4F}.Debug|Any CPU.Build.0 = Debug|Any CPU
		{22454BCE-50F0-461B-8D09-53D47F231F4F}.Release|Any CPU.ActiveCfg = Release|Any CPU
		{22454BCE-50F0-461B-8D09-53D47F231F4F}.Release|Any CPU.Build.0 = Release|Any CPU
	EndGlobalSection
	GlobalSection(SolutionProperties) = preSolution
		HideSolutionNode = FALSE
	EndGlobalSection
	GlobalSection(ExtensibilityGlobals) = postSolution
		SolutionGuid = {B4F3743B-C271-4793-9E8E-4DA2FCF6349E}
	EndGlobalSection
EndGlobal
